// !$*UTF8*$!
{
	archiveVersion = 1;
	classes = {
	};
	objectVersion = 46;
	objects = {

/* Begin PBXBuildFile section */
		C13B8E37217F5F5100B56BB0 /* art.scnassets in Resources */ = {isa = PBXBuildFile; fileRef = C13B8E36217F5F5100B56BB0 /* art.scnassets */; };
		C13B8E3A217F5FD200B56BB0 /* ARViewController.swift in Sources */ = {isa = PBXBuildFile; fileRef = C13B8E39217F5FD200B56BB0 /* ARViewController.swift */; };
		C14B3159217FAE4600169459 /* ScoresTableViewController.swift in Sources */ = {isa = PBXBuildFile; fileRef = C14B3158217FAE4600169459 /* ScoresTableViewController.swift */; };
		C1562CFE1EF3F2360069368C /* AppDelegate.swift in Sources */ = {isa = PBXBuildFile; fileRef = C1562CFD1EF3F2360069368C /* AppDelegate.swift */; };
		C1562D001EF3F2360069368C /* CounterViewController.swift in Sources */ = {isa = PBXBuildFile; fileRef = C1562CFF1EF3F2360069368C /* CounterViewController.swift */; };
		C1562D051EF3F2360069368C /* Assets.xcassets in Resources */ = {isa = PBXBuildFile; fileRef = C1562D041EF3F2360069368C /* Assets.xcassets */; };
		C1562D081EF3F2360069368C /* LaunchScreen.storyboard in Resources */ = {isa = PBXBuildFile; fileRef = C1562D061EF3F2360069368C /* LaunchScreen.storyboard */; };
		C1562D131EF3F2360069368C /* TichuCounterTests.swift in Sources */ = {isa = PBXBuildFile; fileRef = C1562D121EF3F2360069368C /* TichuCounterTests.swift */; };
		C1562D1E1EF3F2360069368C /* TichuCounterUITests.swift in Sources */ = {isa = PBXBuildFile; fileRef = C1562D1D1EF3F2360069368C /* TichuCounterUITests.swift */; };
		C1562D2C1EF3F8A70069368C /* EditTeamController.swift in Sources */ = {isa = PBXBuildFile; fileRef = C1562D2B1EF3F8A70069368C /* EditTeamController.swift */; };
		C17837A72180C7A800DA0917 /* Main.storyboard in Resources */ = {isa = PBXBuildFile; fileRef = C17837A62180C7A800DA0917 /* Main.storyboard */; };
		C17837A92180D8BE00DA0917 /* CustomTableViewCell.swift in Sources */ = {isa = PBXBuildFile; fileRef = C17837A82180D8BE00DA0917 /* CustomTableViewCell.swift */; };
/* End PBXBuildFile section */

/* Begin PBXContainerItemProxy section */
		C1562D0F1EF3F2360069368C /* PBXContainerItemProxy */ = {
			isa = PBXContainerItemProxy;
			containerPortal = C1562CF21EF3F2360069368C /* Project object */;
			proxyType = 1;
			remoteGlobalIDString = C1562CF91EF3F2360069368C;
			remoteInfo = TichuCounter;
		};
		C1562D1A1EF3F2360069368C /* PBXContainerItemProxy */ = {
			isa = PBXContainerItemProxy;
			containerPortal = C1562CF21EF3F2360069368C /* Project object */;
			proxyType = 1;
			remoteGlobalIDString = C1562CF91EF3F2360069368C;
			remoteInfo = TichuCounter;
		};
/* End PBXContainerItemProxy section */

/* Begin PBXFileReference section */
		C13B8E36217F5F5100B56BB0 /* art.scnassets */ = {isa = PBXFileReference; lastKnownFileType = wrapper.scnassets; path = art.scnassets; sourceTree = "<group>"; };
		C13B8E39217F5FD200B56BB0 /* ARViewController.swift */ = {isa = PBXFileReference; fileEncoding = 4; lastKnownFileType = sourcecode.swift; path = ARViewController.swift; sourceTree = "<group>"; };
		C14B3158217FAE4600169459 /* ScoresTableViewController.swift */ = {isa = PBXFileReference; lastKnownFileType = sourcecode.swift; path = ScoresTableViewController.swift; sourceTree = "<group>"; };
		C1562CFA1EF3F2360069368C /* TichuCounter.app */ = {isa = PBXFileReference; explicitFileType = wrapper.application; includeInIndex = 0; path = TichuCounter.app; sourceTree = BUILT_PRODUCTS_DIR; };
		C1562CFD1EF3F2360069368C /* AppDelegate.swift */ = {isa = PBXFileReference; lastKnownFileType = sourcecode.swift; path = AppDelegate.swift; sourceTree = "<group>"; };
		C1562CFF1EF3F2360069368C /* CounterViewController.swift */ = {isa = PBXFileReference; lastKnownFileType = sourcecode.swift; path = CounterViewController.swift; sourceTree = "<group>"; };
		C1562D041EF3F2360069368C /* Assets.xcassets */ = {isa = PBXFileReference; lastKnownFileType = folder.assetcatalog; path = Assets.xcassets; sourceTree = "<group>"; };
		C1562D071EF3F2360069368C /* Base */ = {isa = PBXFileReference; lastKnownFileType = file.storyboard; name = Base; path = Base.lproj/LaunchScreen.storyboard; sourceTree = "<group>"; };
		C1562D091EF3F2360069368C /* Info.plist */ = {isa = PBXFileReference; lastKnownFileType = text.plist.xml; path = Info.plist; sourceTree = "<group>"; };
		C1562D0E1EF3F2360069368C /* TichuCounterTests.xctest */ = {isa = PBXFileReference; explicitFileType = wrapper.cfbundle; includeInIndex = 0; path = TichuCounterTests.xctest; sourceTree = BUILT_PRODUCTS_DIR; };
		C1562D121EF3F2360069368C /* TichuCounterTests.swift */ = {isa = PBXFileReference; lastKnownFileType = sourcecode.swift; path = TichuCounterTests.swift; sourceTree = "<group>"; };
		C1562D141EF3F2360069368C /* Info.plist */ = {isa = PBXFileReference; lastKnownFileType = text.plist.xml; path = Info.plist; sourceTree = "<group>"; };
		C1562D191EF3F2360069368C /* TichuCounterUITests.xctest */ = {isa = PBXFileReference; explicitFileType = wrapper.cfbundle; includeInIndex = 0; path = TichuCounterUITests.xctest; sourceTree = BUILT_PRODUCTS_DIR; };
		C1562D1D1EF3F2360069368C /* TichuCounterUITests.swift */ = {isa = PBXFileReference; lastKnownFileType = sourcecode.swift; path = TichuCounterUITests.swift; sourceTree = "<group>"; };
		C1562D1F1EF3F2360069368C /* Info.plist */ = {isa = PBXFileReference; lastKnownFileType = text.plist.xml; path = Info.plist; sourceTree = "<group>"; };
		C1562D2B1EF3F8A70069368C /* EditTeamController.swift */ = {isa = PBXFileReference; fileEncoding = 4; lastKnownFileType = sourcecode.swift; path = EditTeamController.swift; sourceTree = "<group>"; };
		C17837A62180C7A800DA0917 /* Main.storyboard */ = {isa = PBXFileReference; fileEncoding = 4; lastKnownFileType = file.storyboard; name = Main.storyboard; path = ../Main.storyboard; sourceTree = "<group>"; };
		C17837A82180D8BE00DA0917 /* CustomTableViewCell.swift */ = {isa = PBXFileReference; lastKnownFileType = sourcecode.swift; path = CustomTableViewCell.swift; sourceTree = "<group>"; };
/* End PBXFileReference section */

/* Begin PBXFrameworksBuildPhase section */
		C1562CF71EF3F2360069368C /* Frameworks */ = {
			isa = PBXFrameworksBuildPhase;
			buildActionMask = 2147483647;
			files = (
			);
			runOnlyForDeploymentPostprocessing = 0;
		};
		C1562D0B1EF3F2360069368C /* Frameworks */ = {
			isa = PBXFrameworksBuildPhase;
			buildActionMask = 2147483647;
			files = (
			);
			runOnlyForDeploymentPostprocessing = 0;
		};
		C1562D161EF3F2360069368C /* Frameworks */ = {
			isa = PBXFrameworksBuildPhase;
			buildActionMask = 2147483647;
			files = (
			);
			runOnlyForDeploymentPostprocessing = 0;
		};
/* End PBXFrameworksBuildPhase section */

/* Begin PBXGroup section */
		C13B8E38217F5F6D00B56BB0 /* Controllers */ = {
			isa = PBXGroup;
			children = (
				C1562CFF1EF3F2360069368C /* CounterViewController.swift */,
				C13B8E39217F5FD200B56BB0 /* ARViewController.swift */,
				C14B3158217FAE4600169459 /* ScoresTableViewController.swift */,
			);
			path = Controllers;
			sourceTree = "<group>";
		};
		C1562CF11EF3F2360069368C = {
			isa = PBXGroup;
			children = (
				C1562CFC1EF3F2360069368C /* TichuCounter */,
				C1562D111EF3F2360069368C /* TichuCounterTests */,
				C1562D1C1EF3F2360069368C /* TichuCounterUITests */,
				C1562CFB1EF3F2360069368C /* Products */,
			);
			sourceTree = "<group>";
		};
		C1562CFB1EF3F2360069368C /* Products */ = {
			isa = PBXGroup;
			children = (
				C1562CFA1EF3F2360069368C /* TichuCounter.app */,
				C1562D0E1EF3F2360069368C /* TichuCounterTests.xctest */,
				C1562D191EF3F2360069368C /* TichuCounterUITests.xctest */,
			);
			name = Products;
			sourceTree = "<group>";
		};
		C1562CFC1EF3F2360069368C /* TichuCounter */ = {
			isa = PBXGroup;
			children = (
				C13B8E38217F5F6D00B56BB0 /* Controllers */,
				C1562CFD1EF3F2360069368C /* AppDelegate.swift */,
				C13B8E36217F5F5100B56BB0 /* art.scnassets */,
				C1562D041EF3F2360069368C /* Assets.xcassets */,
				C17837A82180D8BE00DA0917 /* CustomTableViewCell.swift */,
				C17837A62180C7A800DA0917 /* Main.storyboard */,
				C1562D061EF3F2360069368C /* LaunchScreen.storyboard */,
				C1562D091EF3F2360069368C /* Info.plist */,
				C1562D2B1EF3F8A70069368C /* EditTeamController.swift */,
			);
			path = TichuCounter;
			sourceTree = "<group>";
		};
		C1562D111EF3F2360069368C /* TichuCounterTests */ = {
			isa = PBXGroup;
			children = (
				C1562D121EF3F2360069368C /* TichuCounterTests.swift */,
				C1562D141EF3F2360069368C /* Info.plist */,
			);
			path = TichuCounterTests;
			sourceTree = "<group>";
		};
		C1562D1C1EF3F2360069368C /* TichuCounterUITests */ = {
			isa = PBXGroup;
			children = (
				C1562D1D1EF3F2360069368C /* TichuCounterUITests.swift */,
				C1562D1F1EF3F2360069368C /* Info.plist */,
			);
			path = TichuCounterUITests;
			sourceTree = "<group>";
		};
/* End PBXGroup section */

/* Begin PBXNativeTarget section */
		C1562CF91EF3F2360069368C /* TichuCounter */ = {
			isa = PBXNativeTarget;
			buildConfigurationList = C1562D221EF3F2360069368C /* Build configuration list for PBXNativeTarget "TichuCounter" */;
			buildPhases = (
				C1562CF61EF3F2360069368C /* Sources */,
				C1562CF71EF3F2360069368C /* Frameworks */,
				C1562CF81EF3F2360069368C /* Resources */,
			);
			buildRules = (
			);
			dependencies = (
			);
			name = TichuCounter;
			productName = TichuCounter;
			productReference = C1562CFA1EF3F2360069368C /* TichuCounter.app */;
			productType = "com.apple.product-type.application";
		};
		C1562D0D1EF3F2360069368C /* TichuCounterTests */ = {
			isa = PBXNativeTarget;
			buildConfigurationList = C1562D251EF3F2360069368C /* Build configuration list for PBXNativeTarget "TichuCounterTests" */;
			buildPhases = (
				C1562D0A1EF3F2360069368C /* Sources */,
				C1562D0B1EF3F2360069368C /* Frameworks */,
				C1562D0C1EF3F2360069368C /* Resources */,
			);
			buildRules = (
			);
			dependencies = (
				C1562D101EF3F2360069368C /* PBXTargetDependency */,
			);
			name = TichuCounterTests;
			productName = TichuCounterTests;
			productReference = C1562D0E1EF3F2360069368C /* TichuCounterTests.xctest */;
			productType = "com.apple.product-type.bundle.unit-test";
		};
		C1562D181EF3F2360069368C /* TichuCounterUITests */ = {
			isa = PBXNativeTarget;
			buildConfigurationList = C1562D281EF3F2360069368C /* Build configuration list for PBXNativeTarget "TichuCounterUITests" */;
			buildPhases = (
				C1562D151EF3F2360069368C /* Sources */,
				C1562D161EF3F2360069368C /* Frameworks */,
				C1562D171EF3F2360069368C /* Resources */,
			);
			buildRules = (
			);
			dependencies = (
				C1562D1B1EF3F2360069368C /* PBXTargetDependency */,
			);
			name = TichuCounterUITests;
			productName = TichuCounterUITests;
			productReference = C1562D191EF3F2360069368C /* TichuCounterUITests.xctest */;
			productType = "com.apple.product-type.bundle.ui-testing";
		};
/* End PBXNativeTarget section */

/* Begin PBXProject section */
		C1562CF21EF3F2360069368C /* Project object */ = {
			isa = PBXProject;
			attributes = {
				LastSwiftUpdateCheck = 0830;
				LastUpgradeCheck = 0830;
				TargetAttributes = {
					C1562CF91EF3F2360069368C = {
						CreatedOnToolsVersion = 8.3.2;
						DevelopmentTeam = 4JD8E762KB;
						ProvisioningStyle = Automatic;
					};
					C1562D0D1EF3F2360069368C = {
						CreatedOnToolsVersion = 8.3.2;
						ProvisioningStyle = Automatic;
						TestTargetID = C1562CF91EF3F2360069368C;
					};
					C1562D181EF3F2360069368C = {
						CreatedOnToolsVersion = 8.3.2;
						ProvisioningStyle = Automatic;
						TestTargetID = C1562CF91EF3F2360069368C;
					};
				};
			};
			buildConfigurationList = C1562CF51EF3F2360069368C /* Build configuration list for PBXProject "TichuCounter" */;
			compatibilityVersion = "Xcode 3.2";
			developmentRegion = English;
			hasScannedForEncodings = 0;
			knownRegions = (
				en,
				Base,
			);
			mainGroup = C1562CF11EF3F2360069368C;
			productRefGroup = C1562CFB1EF3F2360069368C /* Products */;
			projectDirPath = "";
			projectRoot = "";
			targets = (
				C1562CF91EF3F2360069368C /* TichuCounter */,
				C1562D0D1EF3F2360069368C /* TichuCounterTests */,
				C1562D181EF3F2360069368C /* TichuCounterUITests */,
			);
		};
/* End PBXProject section */

/* Begin PBXResourcesBuildPhase section */
		C1562CF81EF3F2360069368C /* Resources */ = {
			isa = PBXResourcesBuildPhase;
			buildActionMask = 2147483647;
			files = (
				C1562D081EF3F2360069368C /* LaunchScreen.storyboard in Resources */,
				C13B8E37217F5F5100B56BB0 /* art.scnassets in Resources */,
				C1562D051EF3F2360069368C /* Assets.xcassets in Resources */,
				C17837A72180C7A800DA0917 /* Main.storyboard in Resources */,
			);
			runOnlyForDeploymentPostprocessing = 0;
		};
		C1562D0C1EF3F2360069368C /* Resources */ = {
			isa = PBXResourcesBuildPhase;
			buildActionMask = 2147483647;
			files = (
			);
			runOnlyForDeploymentPostprocessing = 0;
		};
		C1562D171EF3F2360069368C /* Resources */ = {
			isa = PBXResourcesBuildPhase;
			buildActionMask = 2147483647;
			files = (
			);
			runOnlyForDeploymentPostprocessing = 0;
		};
/* End PBXResourcesBuildPhase section */

/* Begin PBXSourcesBuildPhase section */
		C1562CF61EF3F2360069368C /* Sources */ = {
			isa = PBXSourcesBuildPhase;
			buildActionMask = 2147483647;
			files = (
				C17837A92180D8BE00DA0917 /* CustomTableViewCell.swift in Sources */,
				C14B3159217FAE4600169459 /* ScoresTableViewController.swift in Sources */,
				C1562D001EF3F2360069368C /* CounterViewController.swift in Sources */,
				C1562D2C1EF3F8A70069368C /* EditTeamController.swift in Sources */,
				C13B8E3A217F5FD200B56BB0 /* ARViewController.swift in Sources */,
				C1562CFE1EF3F2360069368C /* AppDelegate.swift in Sources */,
			);
			runOnlyForDeploymentPostprocessing = 0;
		};
		C1562D0A1EF3F2360069368C /* Sources */ = {
			isa = PBXSourcesBuildPhase;
			buildActionMask = 2147483647;
			files = (
				C1562D131EF3F2360069368C /* TichuCounterTests.swift in Sources */,
			);
			runOnlyForDeploymentPostprocessing = 0;
		};
		C1562D151EF3F2360069368C /* Sources */ = {
			isa = PBXSourcesBuildPhase;
			buildActionMask = 2147483647;
			files = (
				C1562D1E1EF3F2360069368C /* TichuCounterUITests.swift in Sources */,
			);
			runOnlyForDeploymentPostprocessing = 0;
		};
/* End PBXSourcesBuildPhase section */

/* Begin PBXTargetDependency section */
		C1562D101EF3F2360069368C /* PBXTargetDependency */ = {
			isa = PBXTargetDependency;
			target = C1562CF91EF3F2360069368C /* TichuCounter */;
			targetProxy = C1562D0F1EF3F2360069368C /* PBXContainerItemProxy */;
		};
		C1562D1B1EF3F2360069368C /* PBXTargetDependency */ = {
			isa = PBXTargetDependency;
			target = C1562CF91EF3F2360069368C /* TichuCounter */;
			targetProxy = C1562D1A1EF3F2360069368C /* PBXContainerItemProxy */;
		};
/* End PBXTargetDependency section */

/* Begin PBXVariantGroup section */
		C1562D061EF3F2360069368C /* LaunchScreen.storyboard */ = {
			isa = PBXVariantGroup;
			children = (
				C1562D071EF3F2360069368C /* Base */,
			);
			name = LaunchScreen.storyboard;
			sourceTree = "<group>";
		};
/* End PBXVariantGroup section */

/* Begin XCBuildConfiguration section */
		C1562D201EF3F2360069368C /* Debug */ = {
			isa = XCBuildConfiguration;
			buildSettings = {
				ALWAYS_SEARCH_USER_PATHS = NO;
				CLANG_ANALYZER_NONNULL = YES;
				CLANG_ANALYZER_NUMBER_OBJECT_CONVERSION = YES_AGGRESSIVE;
				CLANG_CXX_LANGUAGE_STANDARD = "gnu++0x";
				CLANG_CXX_LIBRARY = "libc++";
				CLANG_ENABLE_MODULES = YES;
				CLANG_ENABLE_OBJC_ARC = YES;
				CLANG_WARN_BOOL_CONVERSION = YES;
				CLANG_WARN_CONSTANT_CONVERSION = YES;
				CLANG_WARN_DIRECT_OBJC_ISA_USAGE = YES_ERROR;
				CLANG_WARN_DOCUMENTATION_COMMENTS = YES;
				CLANG_WARN_EMPTY_BODY = YES;
				CLANG_WARN_ENUM_CONVERSION = YES;
				CLANG_WARN_INFINITE_RECURSION = YES;
				CLANG_WARN_INT_CONVERSION = YES;
				CLANG_WARN_OBJC_ROOT_CLASS = YES_ERROR;
				CLANG_WARN_SUSPICIOUS_MOVE = YES;
				CLANG_WARN_UNREACHABLE_CODE = YES;
				CLANG_WARN__DUPLICATE_METHOD_MATCH = YES;
				"CODE_SIGN_IDENTITY[sdk=iphoneos*]" = "iPhone Developer";
				COPY_PHASE_STRIP = NO;
				DEBUG_INFORMATION_FORMAT = dwarf;
				ENABLE_STRICT_OBJC_MSGSEND = YES;
				ENABLE_TESTABILITY = YES;
				GCC_C_LANGUAGE_STANDARD = gnu99;
				GCC_DYNAMIC_NO_PIC = NO;
				GCC_NO_COMMON_BLOCKS = YES;
				GCC_OPTIMIZATION_LEVEL = 0;
				GCC_PREPROCESSOR_DEFINITIONS = (
					"DEBUG=1",
					"$(inherited)",
				);
				GCC_WARN_64_TO_32_BIT_CONVERSION = YES;
				GCC_WARN_ABOUT_RETURN_TYPE = YES_ERROR;
				GCC_WARN_UNDECLARED_SELECTOR = YES;
				GCC_WARN_UNINITIALIZED_AUTOS = YES_AGGRESSIVE;
				GCC_WARN_UNUSED_FUNCTION = YES;
				GCC_WARN_UNUSED_VARIABLE = YES;
				IPHONEOS_DEPLOYMENT_TARGET = 12.0;
				MTL_ENABLE_DEBUG_INFO = YES;
				ONLY_ACTIVE_ARCH = YES;
				SDKROOT = iphoneos;
				SWIFT_ACTIVE_COMPILATION_CONDITIONS = DEBUG;
				SWIFT_OPTIMIZATION_LEVEL = "-Onone";
				TARGETED_DEVICE_FAMILY = "1,2";
			};
			name = Debug;
		};
		C1562D211EF3F2360069368C /* Release */ = {
			isa = XCBuildConfiguration;
			buildSettings = {
				ALWAYS_SEARCH_USER_PATHS = NO;
				CLANG_ANALYZER_NONNULL = YES;
				CLANG_ANALYZER_NUMBER_OBJECT_CONVERSION = YES_AGGRESSIVE;
				CLANG_CXX_LANGUAGE_STANDARD = "gnu++0x";
				CLANG_CXX_LIBRARY = "libc++";
				CLANG_ENABLE_MODULES = YES;
				CLANG_ENABLE_OBJC_ARC = YES;
				CLANG_WARN_BOOL_CONVERSION = YES;
				CLANG_WARN_CONSTANT_CONVERSION = YES;
				CLANG_WARN_DIRECT_OBJC_ISA_USAGE = YES_ERROR;
				CLANG_WARN_DOCUMENTATION_COMMENTS = YES;
				CLANG_WARN_EMPTY_BODY = YES;
				CLANG_WARN_ENUM_CONVERSION = YES;
				CLANG_WARN_INFINITE_RECURSION = YES;
				CLANG_WARN_INT_CONVERSION = YES;
				CLANG_WARN_OBJC_ROOT_CLASS = YES_ERROR;
				CLANG_WARN_SUSPICIOUS_MOVE = YES;
				CLANG_WARN_UNREACHABLE_CODE = YES;
				CLANG_WARN__DUPLICATE_METHOD_MATCH = YES;
				"CODE_SIGN_IDENTITY[sdk=iphoneos*]" = "iPhone Developer";
				COPY_PHASE_STRIP = NO;
				DEBUG_INFORMATION_FORMAT = "dwarf-with-dsym";
				ENABLE_NS_ASSERTIONS = NO;
				ENABLE_STRICT_OBJC_MSGSEND = YES;
				GCC_C_LANGUAGE_STANDARD = gnu99;
				GCC_NO_COMMON_BLOCKS = YES;
				GCC_WARN_64_TO_32_BIT_CONVERSION = YES;
				GCC_WARN_ABOUT_RETURN_TYPE = YES_ERROR;
				GCC_WARN_UNDECLARED_SELECTOR = YES;
				GCC_WARN_UNINITIALIZED_AUTOS = YES_AGGRESSIVE;
				GCC_WARN_UNUSED_FUNCTION = YES;
				GCC_WARN_UNUSED_VARIABLE = YES;
				IPHONEOS_DEPLOYMENT_TARGET = 12.0;
				MTL_ENABLE_DEBUG_INFO = NO;
				SDKROOT = iphoneos;
				SWIFT_OPTIMIZATION_LEVEL = "-Owholemodule";
				TARGETED_DEVICE_FAMILY = "1,2";
				VALIDATE_PRODUCT = YES;
			};
			name = Release;
		};
		C1562D231EF3F2360069368C /* Debug */ = {
			isa = XCBuildConfiguration;
			buildSettings = {
				ASSETCATALOG_COMPILER_APPICON_NAME = AppIcon;
				DEVELOPMENT_TEAM = 4JD8E762KB;
				INFOPLIST_FILE = TichuCounter/Info.plist;
				IPHONEOS_DEPLOYMENT_TARGET = 12.0;
				LD_RUNPATH_SEARCH_PATHS = "$(inherited) @executable_path/Frameworks";
				PRODUCT_BUNDLE_IDENTIFIER = com.Teodoro.TichuCounter;
				PRODUCT_NAME = "$(TARGET_NAME)";
				SWIFT_VERSION = 3.0;
				TARGETED_DEVICE_FAMILY = "1,2";
			};
			name = Debug;
		};
		C1562D241EF3F2360069368C /* Release */ = {
			isa = XCBuildConfiguration;
			buildSettings = {
				ASSETCATALOG_COMPILER_APPICON_NAME = AppIcon;
				DEVELOPMENT_TEAM = 4JD8E762KB;
				INFOPLIST_FILE = TichuCounter/Info.plist;
				IPHONEOS_DEPLOYMENT_TARGET = 12.0;
				LD_RUNPATH_SEARCH_PATHS = "$(inherited) @executable_path/Frameworks";
				PRODUCT_BUNDLE_IDENTIFIER = com.Teodoro.TichuCounter;
				PRODUCT_NAME = "$(TARGET_NAME)";
				SWIFT_VERSION = 3.0;
				TARGETED_DEVICE_FAMILY = "1,2";
			};
			name = Release;
		};
		C1562D261EF3F2360069368C /* Debug */ = {
			isa = XCBuildConfiguration;
			buildSettings = {
				ALWAYS_EMBED_SWIFT_STANDARD_LIBRARIES = YES;
				BUNDLE_LOADER = "$(TEST_HOST)";
				INFOPLIST_FILE = TichuCounterTests/Info.plist;
				LD_RUNPATH_SEARCH_PATHS = "$(inherited) @executable_path/Frameworks @loader_path/Frameworks";
				PRODUCT_BUNDLE_IDENTIFIER = com.Teodoro.TichuCounterTests;
				PRODUCT_NAME = "$(TARGET_NAME)";
				SWIFT_VERSION = 3.0;
				TEST_HOST = "$(BUILT_PRODUCTS_DIR)/TichuCounter.app/TichuCounter";
			};
			name = Debug;
		};
		C1562D271EF3F2360069368C /* Release */ = {
			isa = XCBuildConfiguration;
			buildSettings = {
				ALWAYS_EMBED_SWIFT_STANDARD_LIBRARIES = YES;
				BUNDLE_LOADER = "$(TEST_HOST)";
				INFOPLIST_FILE = TichuCounterTests/Info.plist;
				LD_RUNPATH_SEARCH_PATHS = "$(inherited) @executable_path/Frameworks @loader_path/Frameworks";
				PRODUCT_BUNDLE_IDENTIFIER = com.Teodoro.TichuCounterTests;
				PRODUCT_NAME = "$(TARGET_NAME)";
				SWIFT_VERSION = 3.0;
				TEST_HOST = "$(BUILT_PRODUCTS_DIR)/TichuCounter.app/TichuCounter";
			};
			name = Release;
		};
		C1562D291EF3F2360069368C /* Debug */ = {
			isa = XCBuildConfiguration;
			buildSettings = {
				ALWAYS_EMBED_SWIFT_STANDARD_LIBRARIES = YES;
				INFOPLIST_FILE = TichuCounterUITests/Info.plist;
				LD_RUNPATH_SEARCH_PATHS = "$(inherited) @executable_path/Frameworks @loader_path/Frameworks";
				PRODUCT_BUNDLE_IDENTIFIER = com.Teodoro.TichuCounterUITests;
				PRODUCT_NAME = "$(TARGET_NAME)";
				SWIFT_VERSION = 3.0;
				TEST_TARGET_NAME = TichuCounter;
			};
			name = Debug;
		};
		C1562D2A1EF3F2360069368C /* Release */ = {
			isa = XCBuildConfiguration;
			buildSettings = {
				ALWAYS_EMBED_SWIFT_STANDARD_LIBRARIES = YES;
				INFOPLIST_FILE = TichuCounterUITests/Info.plist;
				LD_RUNPATH_SEARCH_PATHS = "$(inherited) @executable_path/Frameworks @loader_path/Frameworks";
				PRODUCT_BUNDLE_IDENTIFIER = com.Teodoro.TichuCounterUITests;
				PRODUCT_NAME = "$(TARGET_NAME)";
				SWIFT_VERSION = 3.0;
				TEST_TARGET_NAME = TichuCounter;
			};
			name = Release;
		};
/* End XCBuildConfiguration section */

/* Begin XCConfigurationList section */
		C1562CF51EF3F2360069368C /* Build configuration list for PBXProject "TichuCounter" */ = {
			isa = XCConfigurationList;
			buildConfigurations = (
				C1562D201EF3F2360069368C /* Debug */,
				C1562D211EF3F2360069368C /* Release */,
			);
			defaultConfigurationIsVisible = 0;
			defaultConfigurationName = Release;
		};
		C1562D221EF3F2360069368C /* Build configuration list for PBXNativeTarget "TichuCounter" */ = {
			isa = XCConfigurationList;
			buildConfigurations = (
				C1562D231EF3F2360069368C /* Debug */,
				C1562D241EF3F2360069368C /* Release */,
			);
			defaultConfigurationIsVisible = 0;
			defaultConfigurationName = Release;
		};
		C1562D251EF3F2360069368C /* Build configuration list for PBXNativeTarget "TichuCounterTests" */ = {
			isa = XCConfigurationList;
			buildConfigurations = (
				C1562D261EF3F2360069368C /* Debug */,
				C1562D271EF3F2360069368C /* Release */,
			);
			defaultConfigurationIsVisible = 0;
			defaultConfigurationName = Release;
		};
		C1562D281EF3F2360069368C /* Build configuration list for PBXNativeTarget "TichuCounterUITests" */ = {
			isa = XCConfigurationList;
			buildConfigurations = (
				C1562D291EF3F2360069368C /* Debug */,
				C1562D2A1EF3F2360069368C /* Release */,
			);
			defaultConfigurationIsVisible = 0;
			defaultConfigurationName = Release;
		};
/* End XCConfigurationList section */
	};
	rootObject = C1562CF21EF3F2360069368C /* Project object */;
}
